
Microsoft Visual Studio Solution File, Format Version 12.00
# Visual Studio Version 16
VisualStudioVersion = 16.0.30621.155
MinimumVisualStudioVersion = 10.0.40219.1
Project("{FAE04EC0-301F-11D3-BF4B-00C04F79EFBC}") = "AzureFunctionDemo", "AzureFunctionDemo\AzureFunctionDemo.csproj", "{CEC12623-73FF-4B74-9D39-6A5C16FCFB54}"
EndProject
Global
	GlobalSection(SolutionConfigurationPlatforms) = preSolution
		Debug|Any CPU = Debug|Any CPU
		Release|Any CPU = Release|Any CPU
	EndGlobalSection
	GlobalSection(ProjectConfigurationPlatforms) = postSolution
		{CEC12623-73FF-4B74-9D39-6A5C16FCFB54}.Debug|Any CPU.ActiveCfg = Debug|Any CPU
		{CEC12623-73FF-4B74-9D39-6A5C16FCFB54}.Debug|Any CPU.Build.0 = Debug|Any CPU
		{CEC12623-73FF-4B74-9D39-6A5C16FCFB54}.Release|Any CPU.ActiveCfg = Release|Any CPU
		{CEC12623-73FF-4B74-9D39-6A5C16FCFB54}.Release|Any CPU.Build.0 = Release|Any CPU
	EndGlobalSection
	GlobalSection(SolutionProperties) = preSolution
		HideSolutionNode = FALSE
	EndGlobalSection
	GlobalSection(ExtensibilityGlobals) = postSolution
		SolutionGuid = {1B904FF5-9A23-48AF-8F1A-D92596201081}
	EndGlobalSection
EndGlobal
